{
	"name": "test",
	"requires": true,
	"lockfileVersion": 1,
	"dependencies": {
		"@types/bootbox": {
			"version": "5.2.1",
			"resolved": "https://registry.npmjs.org/@types/bootbox/-/bootbox-5.2.1.tgz",
			"integrity": "sha512-P8Xo94Yu4J7FRczY8dT2sl/gOvvndbckasOgnZGXPwDl2YdJdU9S42SjJjt03A4aHE3loJPs8dzQbb7nCA1t/A==",
			"requires": {
				"@types/jquery": "*"
			}
		},
		"@types/dropzone": {
			"version": "5.7.3",
			"resolved": "https://registry.npmjs.org/@types/dropzone/-/dropzone-5.7.3.tgz",
			"integrity": "sha512-UQ6HPqpyQ6WTK75WwMhUZaZaQUw7v/hkcRJa0T/3WAXIKaYpQq+FcuTV2kQweebl/c6vWzK9hIe06eK55crwfg==",
			"requires": {
				"@types/jquery": "*"
			}
		},
		"@types/fancybox": {
			"version": "3.5.2",
			"resolved": "https://registry.npmjs.org/@types/fancybox/-/fancybox-3.5.2.tgz",
			"integrity": "sha512-xjUOKP5KfN9VjRZjnLrfsalNNik6rt8kns/6Ovv0SDR5te8GPN3buWhZNjCUgn1lHxOo1BZOOb7peDAAkZvoyw==",
			"requires": {
				"@types/jquery": "*"
			}
		},
		"@types/jquery": {
			"version": "3.5.5",
			"resolved": "https://registry.npmjs.org/@types/jquery/-/jquery-3.5.5.tgz",
			"integrity": "sha512-6RXU9Xzpc6vxNrS6FPPapN1SxSHgQ336WC6Jj/N8q30OiaBZ00l1GBgeP7usjVZPivSkGUfL1z/WW6TX989M+w==",
			"requires": {
				"@types/sizzle": "*"
			}
		},
		"@types/notifyjs": {
			"version": "3.0.2",
			"resolved": "https://registry.npmjs.org/@types/notifyjs/-/notifyjs-3.0.2.tgz",
			"integrity": "sha512-oewEREqmZE+3/ecFwFWvdUFIkpjRcW0HLKBlWf8atXs+LgFlDH/THYdqvhL/2PxcnAOUuxUC3wAzuqwaH96+Ig=="
		},
		"@types/sizzle": {
			"version": "2.3.2",
			"resolved": "https://registry.npmjs.org/@types/sizzle/-/sizzle-2.3.2.tgz",
			"integrity": "sha512-7EJYyKTL7tFR8+gDbB6Wwz/arpGa0Mywk1TJbNzKzHtzbwVmY4HR9WqS5VV7dsBUKQmPNr192jHr/VpBluj/hg=="
		}
	}
}
